
Microsoft Visual Studio Solution File, Format Version 12.00
# Visual Studio Version 16
VisualStudioVersion = 16.0.28902.138
MinimumVisualStudioVersion = 10.0.40219.1
Project("{9A19103F-16F7-4668-BE54-9A1E7A4F7556}") = "Entity", "Entity\Entity.csproj", "{E10E50D3-561F-4BCE-B979-DD82465693E3}"
EndProject
Project("{9A19103F-16F7-4668-BE54-9A1E7A4F7556}") = "DAL", "DAL\DAL.csproj", "{9DEC90BB-87B5-4DEF-8439-E55AFBBCC51C}"
EndProject
Project("{9A19103F-16F7-4668-BE54-9A1E7A4F7556}") = "BLL", "BLL\BLL.csproj", "{C6B35400-7D61-48A1-BF08-76660ECC2EE6}"
EndProject
Project("{FAE04EC0-301F-11D3-BF4B-00C04F79EFBC}") = "TestApp", "TestApp\TestApp.csproj", "{BB61EAA8-90E7-4A3D-9C73-8C16543DE9C8}"
EndProject
Project("{FAE04EC0-301F-11D3-BF4B-00C04F79EFBC}") = "WebUI", "WebUI\WebUI.csproj", "{5D0AEB80-76EF-4248-BB8D-3CA7BECFC0C3}"
EndProject
Global
	GlobalSection(SolutionConfigurationPlatforms) = preSolution
		Debug|Any CPU = Debug|Any CPU
		Release|Any CPU = Release|Any CPU
	EndGlobalSection
	GlobalSection(ProjectConfigurationPlatforms) = postSolution
		{E10E50D3-561F-4BCE-B979-DD82465693E3}.Debug|Any CPU.ActiveCfg = Debug|Any CPU
		{E10E50D3-561F-4BCE-B979-DD82465693E3}.Debug|Any CPU.Build.0 = Debug|Any CPU
		{E10E50D3-561F-4BCE-B979-DD82465693E3}.Release|Any CPU.ActiveCfg = Release|Any CPU
		{E10E50D3-561F-4BCE-B979-DD82465693E3}.Release|Any CPU.Build.0 = Release|Any CPU
		{9DEC90BB-87B5-4DEF-8439-E55AFBBCC51C}.Debug|Any CPU.ActiveCfg = Debug|Any CPU
		{9DEC90BB-87B5-4DEF-8439-E55AFBBCC51C}.Debug|Any CPU.Build.0 = Debug|Any CPU
		{9DEC90BB-87B5-4DEF-8439-E55AFBBCC51C}.Release|Any CPU.ActiveCfg = Release|Any CPU
		{9DEC90BB-87B5-4DEF-8439-E55AFBBCC51C}.Release|Any CPU.Build.0 = Release|Any CPU
		{C6B35400-7D61-48A1-BF08-76660ECC2EE6}.Debug|Any CPU.ActiveCfg = Debug|Any CPU
		{C6B35400-7D61-48A1-BF08-76660ECC2EE6}.Debug|Any CPU.Build.0 = Debug|Any CPU
		{C6B35400-7D61-48A1-BF08-76660ECC2EE6}.Release|Any CPU.ActiveCfg = Release|Any CPU
		{C6B35400-7D61-48A1-BF08-76660ECC2EE6}.Release|Any CPU.Build.0 = Release|Any CPU
		{BB61EAA8-90E7-4A3D-9C73-8C16543DE9C8}.Debug|Any CPU.ActiveCfg = Debug|Any CPU
		{BB61EAA8-90E7-4A3D-9C73-8C16543DE9C8}.Debug|Any CPU.Build.0 = Debug|Any CPU
		{BB61EAA8-90E7-4A3D-9C73-8C16543DE9C8}.Release|Any CPU.ActiveCfg = Release|Any CPU
		{BB61EAA8-90E7-4A3D-9C73-8C16543DE9C8}.Release|Any CPU.Build.0 = Release|Any CPU
		{5D0AEB80-76EF-4248-BB8D-3CA7BECFC0C3}.Debug|Any CPU.ActiveCfg = Debug|Any CPU
		{5D0AEB80-76EF-4248-BB8D-3CA7BECFC0C3}.Debug|Any CPU.Build.0 = Debug|Any CPU
		{5D0AEB80-76EF-4248-BB8D-3CA7BECFC0C3}.Release|Any CPU.ActiveCfg = Release|Any CPU
		{5D0AEB80-76EF-4248-BB8D-3CA7BECFC0C3}.Release|Any CPU.Build.0 = Release|Any CPU
	EndGlobalSection
	GlobalSection(SolutionProperties) = preSolution
		HideSolutionNode = FALSE
	EndGlobalSection
	GlobalSection(ExtensibilityGlobals) = postSolution
		SolutionGuid = {73D3E6C6-837B-4D34-9958-DAAEFB241A86}
	EndGlobalSection
EndGlobal
